PODS:
  - audio_service (0.0.1):
    - Flutter
    - FlutterMacOS
  - audio_session (0.0.1):
    - Flutter
  - DKImagePickerController/Core (4.3.9):
    - DKImagePickerController/ImageDataManager
    - DKImagePickerController/Resource
  - DKImagePickerController/ImageDataManager (4.3.9)
  - DKImagePickerController/PhotoGallery (4.3.9):
    - DKImagePickerController/Core
    - DKPhotoGallery
  - DKImagePickerController/Resource (4.3.9)
  - DKPhotoGallery (0.0.19):
    - DKPhotoGallery/Core (= 0.0.19)
    - DKPhotoGallery/Model (= 0.0.19)
    - DKPhotoGallery/Preview (= 0.0.19)
    - DKPhotoGallery/Resource (= 0.0.19)
    - SDWebImage
    - SwiftyGif
  - DKPhotoGallery/Core (0.0.19):
    - DKPhotoGallery/Model
    - DKPhotoGallery/Preview
    - SDWebImage
    - SwiftyGif
  - DKPhotoGallery/Model (0.0.19):
    - SDWebImage
    - SwiftyGif
  - DKPhotoGallery/Preview (0.0.19):
    - DKPhotoGallery/Model
    - DKPhotoGallery/Resource
    - SDWebImage
    - SwiftyGif
  - DKPhotoGallery/Resource (0.0.19):
    - SDWebImage
    - SwiftyGif
  - ffmpeg_kit_flutter_new (1.0.0):
    - ffmpeg_kit_flutter_new/full-gpl (= 1.0.0)
    - Flutter
  - ffmpeg_kit_flutter_new/full-gpl (1.0.0):
    - Flutter
  - file_picker (0.0.1):
    - DKImagePickerController/PhotoGallery
    - Flutter
  - Flutter (1.0.0)
  - image_picker_ios (0.0.1):
    - Flutter
  - just_audio (0.0.1):
    - Flutter
    - FlutterMacOS
  - path_provider_foundation (0.0.1):
    - Flutter
    - FlutterMacOS
  - permission_handler_apple (9.3.0):
    - Flutter
  - record_ios (1.1.0):
    - Flutter
  - SDWebImage (5.21.1):
    - SDWebImage/Core (= 5.21.1)
  - SDWebImage/Core (5.21.1)
  - share_plus (0.0.1):
    - Flutter
  - shared_preferences_foundation (0.0.1):
    - Flutter
    - FlutterMacOS
  - sqflite_darwin (0.0.4):
    - Flutter
    - FlutterMacOS
  - SwiftyGif (5.4.5)
  - volume_controller (0.0.1):
    - Flutter

DEPENDENCIES:
  - audio_service (from `.symlinks/plugins/audio_service/darwin`)
  - audio_session (from `.symlinks/plugins/audio_session/ios`)
  - ffmpeg_kit_flutter_new (from `.symlinks/plugins/ffmpeg_kit_flutter_new/ios`)
  - file_picker (from `.symlinks/plugins/file_picker/ios`)
  - Flutter (from `Flutter`)
  - image_picker_ios (from `.symlinks/plugins/image_picker_ios/ios`)
  - just_audio (from `.symlinks/plugins/just_audio/darwin`)
  - path_provider_foundation (from `.symlinks/plugins/path_provider_foundation/darwin`)
  - permission_handler_apple (from `.symlinks/plugins/permission_handler_apple/ios`)
  - record_ios (from `.symlinks/plugins/record_ios/ios`)
  - share_plus (from `.symlinks/plugins/share_plus/ios`)
  - shared_preferences_foundation (from `.symlinks/plugins/shared_preferences_foundation/darwin`)
  - sqflite_darwin (from `.symlinks/plugins/sqflite_darwin/darwin`)
  - volume_controller (from `.symlinks/plugins/volume_controller/ios`)

SPEC REPOS:
  trunk:
    - DKImagePickerController
    - DKPhotoGallery
    - SDWebImage
    - SwiftyGif

EXTERNAL SOURCES:
  audio_service:
    :path: ".symlinks/plugins/audio_service/darwin"
  audio_session:
    :path: ".symlinks/plugins/audio_session/ios"
  ffmpeg_kit_flutter_new:
    :path: ".symlinks/plugins/ffmpeg_kit_flutter_new/ios"
  file_picker:
    :path: ".symlinks/plugins/file_picker/ios"
  Flutter:
    :path: Flutter
  image_picker_ios:
    :path: ".symlinks/plugins/image_picker_ios/ios"
  just_audio:
    :path: ".symlinks/plugins/just_audio/darwin"
  path_provider_foundation:
    :path: ".symlinks/plugins/path_provider_foundation/darwin"
  permission_handler_apple:
    :path: ".symlinks/plugins/permission_handler_apple/ios"
  record_ios:
    :path: ".symlinks/plugins/record_ios/ios"
  share_plus:
    :path: ".symlinks/plugins/share_plus/ios"
  shared_preferences_foundation:
    :path: ".symlinks/plugins/shared_preferences_foundation/darwin"
  sqflite_darwin:
    :path: ".symlinks/plugins/sqflite_darwin/darwin"
  volume_controller:
    :path: ".symlinks/plugins/volume_controller/ios"

SPEC CHECKSUMS:
  audio_service: aa99a6ba2ae7565996015322b0bb024e1d25c6fd
  audio_session: 9bb7f6c970f21241b19f5a3658097ae459681ba0
  DKImagePickerController: 946cec48c7873164274ecc4624d19e3da4c1ef3c
  DKPhotoGallery: b3834fecb755ee09a593d7c9e389d8b5d6deed60
  ffmpeg_kit_flutter_new: 12426a19f10ac81186c67c6ebc4717f8f4364b7f
  file_picker: a0560bc09d61de87f12d246fc47d2119e6ef37be
  Flutter: e0871f40cf51350855a761d2e70bf5af5b9b5de7
  image_picker_ios: 7fe1ff8e34c1790d6fff70a32484959f563a928a
  just_audio: 4e391f57b79cad2b0674030a00453ca5ce817eed
  path_provider_foundation: 080d55be775b7414fd5a5ef3ac137b97b097e564
  permission_handler_apple: 4ed2196e43d0651e8ff7ca3483a069d469701f2d
  record_ios: f75fa1d57f840012775c0e93a38a7f3ceea1a374
  SDWebImage: f29024626962457f3470184232766516dee8dfea
  share_plus: 50da8cb520a8f0f65671c6c6a99b3617ed10a58a
  shared_preferences_foundation: 9e1978ff2562383bd5676f64ec4e9aa8fa06a6f7
  sqflite_darwin: 20b2a3a3b70e43edae938624ce550a3cbf66a3d0
  SwiftyGif: 706c60cf65fa2bc5ee0313beece843c8eb8194d4
  volume_controller: 3657a1f65bedb98fa41ff7dc5793537919f31b12

PODFILE CHECKSUM: 403344180f5dc6e37d4dc076883af926dd14bcff

COCOAPODS: 1.16.2
